
Microsoft Visual Studio Solution File, Format Version 12.00
# Visual Studio Version 17
VisualStudioVersion = 17.5.002.0
MinimumVisualStudioVersion = 10.0.40219.1
Project("{2150E333-8FDC-42A3-9474-1A3956D46DE8}") = "backend", "backend", "{666D915C-FC95-4F5C-9E75-0FDB20838AD6}"
EndProject
Project("{9A19103F-16F7-4668-BE54-9A1E7A4F7556}") = "api", "backend\api\api.csproj", "{FBB9F00B-0F94-478C-B271-2FF5189B4E11}"
EndProject
Global
	GlobalSection(SolutionConfigurationPlatforms) = preSolution
		Debug|Any CPU = Debug|Any CPU
		Release|Any CPU = Release|Any CPU
	EndGlobalSection
	GlobalSection(ProjectConfigurationPlatforms) = postSolution
		{FBB9F00B-0F94-478C-B271-2FF5189B4E11}.Debug|Any CPU.ActiveCfg = Debug|Any CPU
		{FBB9F00B-0F94-478C-B271-2FF5189B4E11}.Debug|Any CPU.Build.0 = Debug|Any CPU
		{FBB9F00B-0F94-478C-B271-2FF5189B4E11}.Release|Any CPU.ActiveCfg = Release|Any CPU
		{FBB9F00B-0F94-478C-B271-2FF5189B4E11}.Release|Any CPU.Build.0 = Release|Any CPU
	EndGlobalSection
	GlobalSection(SolutionProperties) = preSolution
		HideSolutionNode = FALSE
	EndGlobalSection
	GlobalSection(NestedProjects) = preSolution
		{FBB9F00B-0F94-478C-B271-2FF5189B4E11} = {666D915C-FC95-4F5C-9E75-0FDB20838AD6}
	EndGlobalSection
	GlobalSection(ExtensibilityGlobals) = postSolution
		SolutionGuid = {18D1D068-9187-424A-A4B2-127A619CE899}
	EndGlobalSection
EndGlobal
